
Microsoft Visual Studio Solution File, Format Version 12.00
# Visual Studio Version 17
VisualStudioVersion = 17.14.36203.30 d17.14
MinimumVisualStudioVersion = 10.0.40219.1
Project("{FAE04EC0-301F-11D3-BF4B-00C04F79EFBC}") = "commitment-calendar-api", "commitment-calendar-api.csproj", "{93778E55-134C-4C88-AA18-2F34AE133F48}"
EndProject
Global
	GlobalSection(SolutionConfigurationPlatforms) = preSolution
		Debug|Any CPU = Debug|Any CPU
		Release|Any CPU = Release|Any CPU
	EndGlobalSection
	GlobalSection(ProjectConfigurationPlatforms) = postSolution
		{93778E55-134C-4C88-AA18-2F34AE133F48}.Debug|Any CPU.ActiveCfg = Debug|Any CPU
		{93778E55-134C-4C88-AA18-2F34AE133F48}.Debug|Any CPU.Build.0 = Debug|Any CPU
		{93778E55-134C-4C88-AA18-2F34AE133F48}.Release|Any CPU.ActiveCfg = Release|Any CPU
		{93778E55-134C-4C88-AA18-2F34AE133F48}.Release|Any CPU.Build.0 = Release|Any CPU
	EndGlobalSection
	GlobalSection(SolutionProperties) = preSolution
		HideSolutionNode = FALSE
	EndGlobalSection
	GlobalSection(ExtensibilityGlobals) = postSolution
		SolutionGuid = {F740452F-A83F-4477-B801-E6D45445A7AC}
	EndGlobalSection
EndGlobal
